{
  "originHash" : "435cc8d5c1d207192d3a09c527c0cc38237d66effff515d5cede17697825b610",
  "pins" : [
    {
      "identity" : "cadmus",
      "kind" : "remoteSourceControl",
      "location" : "https://github.com/RustyKnight/Cadmus",
      "state" : {
        "branch" : "master",
        "revision" : "f190b70b8c4fca5589151125a862596cc42f10ed"
      }
    },
    {
      "identity" : "coreextensions",
      "kind" : "remoteSourceControl",
      "location" : "https://github.com/RustyKnight/CoreExtensions",
      "state" : {
        "revision" : "89dcc24cf35920d34525b6a31b058b3705a6291b",
        "version" : "1.0.14"
      }
    },
    {
      "identity" : "swifthash",
      "kind" : "remoteSourceControl",
      "location" : "https://github.com/onmyway133/SwiftHash",
      "state" : {
        "revision" : "a900fc3f33c67eb33c9e650651edf6e23a410b3c",
        "version" : "2.0.2"
      }
    },
    {
      "identity" : "swiftlocation",
      "kind" : "remoteSourceControl",
      "location" : "https://github.com/malcommac/SwiftLocation",
      "state" : {
        "revision" : "010073e62cea4daefea61042a51b8619d23cdc35",
        "version" : "6.0.0"
      }
    },
    {
      "identity" : "whichbinlib",
      "kind" : "remoteSourceControl",
      "location" : "https://github.com/RustyKnight/WhichBinLib",
      "state" : {
        "branch" : "main",
        "revision" : "585c08a7e3d8c76f3137f7f99c74cb861fb41f06"
      }
    },
    {
      "identity" : "whichbinmapkitlib",
      "kind" : "remoteSourceControl",
      "location" : "https://github.com/RustyKnight/WhichBinMapKitLib",
      "state" : {
        "branch" : "main",
        "revision" : "be29add5fb999e2af46f742753c6cd5c7f625b94"
      }
    }
  ],
  "version" : 3
}
