{
  "originHash" : "bce0e4e6d88526406ce5a4dbd3c3a9f670426980a92523b938a4cdb97728d778",
  "pins" : [
    {
      "identity" : "cadmus",
      "kind" : "remoteSourceControl",
      "location" : "https://github.com/RustyKnight/Cadmus",
      "state" : {
        "branch" : "master",
        "revision" : "f190b70b8c4fca5589151125a862596cc42f10ed"
      }
    },
    {
      "identity" : "coreextensions",
      "kind" : "remoteSourceControl",
      "location" : "https://github.com/RustyKnight/CoreExtensions",
      "state" : {
        "revision" : "89dcc24cf35920d34525b6a31b058b3705a6291b",
        "version" : "1.0.14"
      }
    },
    {
      "identity" : "swifthash",
      "kind" : "remoteSourceControl",
      "location" : "https://github.com/onmyway133/SwiftHash",
      "state" : {
        "revision" : "a900fc3f33c67eb33c9e650651edf6e23a410b3c",
        "version" : "2.0.2"
      }
    },
    {
      "identity" : "swiftlocation",
      "kind" : "remoteSourceControl",
      "location" : "https://github.com/RustyKnight/SwiftLocation",
      "state" : {
        "branch" : "master",
        "revision" : "da42fb4f9ee90f448484982b4ab3c39de1da0a67"
      }
    },
    {
      "identity" : "whichbinlib",
      "kind" : "remoteSourceControl",
      "location" : "https://github.com/RustyKnight/WhichBinLib",
      "state" : {
        "branch" : "main",
        "revision" : "cffe26d379378fd86305327f735afa9d161958c0"
      }
    },
    {
      "identity" : "whichbinmapkitlib",
      "kind" : "remoteSourceControl",
      "location" : "https://github.com/RustyKnight/WhichBinMapKitLib",
      "state" : {
        "branch" : "main",
        "revision" : "be29add5fb999e2af46f742753c6cd5c7f625b94"
      }
    }
  ],
  "version" : 3
}
