// !$*UTF8*$!
{
	archiveVersion = 1;
	classes = {
	};
	objectVersion = 77;
	objects = {

/* Begin PBXBuildFile section */
		703AD67A2E6A6AD4007BF15E /* SwiftLocation in Frameworks */ = {isa = PBXBuildFile; productRef = 703AD6792E6A6AD4007BF15E /* SwiftLocation */; };
		70587EA62E7E52F000C55B56 /* WidgetKit.framework in Frameworks */ = {isa = PBXBuildFile; fileRef = 70587EA52E7E52F000C55B56 /* WidgetKit.framework */; };
		70587EA82E7E52F000C55B56 /* SwiftUI.framework in Frameworks */ = {isa = PBXBuildFile; fileRef = 70587EA72E7E52F000C55B56 /* SwiftUI.framework */; };
		70587EB92E7E52F200C55B56 /* WidgetExtensionExtension.appex in Embed Foundation Extensions */ = {isa = PBXBuildFile; fileRef = 70587EA42E7E52F000C55B56 /* WidgetExtensionExtension.appex */; settings = {ATTRIBUTES = (RemoveHeadersOnCopy, ); }; };
		70587EC22E7E530A00C55B56 /* CoreExtensions in Frameworks */ = {isa = PBXBuildFile; productRef = 70587EC12E7E530A00C55B56 /* CoreExtensions */; };
		70587EC42E7E530A00C55B56 /* SwiftLocation in Frameworks */ = {isa = PBXBuildFile; productRef = 70587EC32E7E530A00C55B56 /* SwiftLocation */; };
		70587EC72E7E533200C55B56 /* Cadmus in Frameworks */ = {isa = PBXBuildFile; productRef = 70587EC62E7E533200C55B56 /* Cadmus */; };
		70587EC92E7E534100C55B56 /* Cadmus in Frameworks */ = {isa = PBXBuildFile; productRef = 70587EC82E7E534100C55B56 /* Cadmus */; };
		708B07572E75226500C5C006 /* MarkdownUI in Frameworks */ = {isa = PBXBuildFile; productRef = 708B07562E75226500C5C006 /* MarkdownUI */; };
		70DC30012E88C3E200A9D363 /* WhichBinDataSourceLib in Frameworks */ = {isa = PBXBuildFile; productRef = 70DC30002E88C3E200A9D363 /* WhichBinDataSourceLib */; };
		70DC30032E88C3E200A9D363 /* WhichBinLib in Frameworks */ = {isa = PBXBuildFile; productRef = 70DC30022E88C3E200A9D363 /* WhichBinLib */; };
		70DC30092E88C59400A9D363 /* WhichBinDataSourceLib in Frameworks */ = {isa = PBXBuildFile; productRef = 70DC30082E88C59400A9D363 /* WhichBinDataSourceLib */; };
		70DC300B2E88C59400A9D363 /* WhichBinLib in Frameworks */ = {isa = PBXBuildFile; productRef = 70DC300A2E88C59400A9D363 /* WhichBinLib */; };
		70DC300F2E88D23200A9D363 /* WhichBinMapKitLib in Frameworks */ = {isa = PBXBuildFile; productRef = 70DC300E2E88D23200A9D363 /* WhichBinMapKitLib */; };
		70DC30112E88D23900A9D363 /* WhichBinMapKitLib in Frameworks */ = {isa = PBXBuildFile; productRef = 70DC30102E88D23900A9D363 /* WhichBinMapKitLib */; };
		CEBF5E542DB35032001D8D66 /* CoreExtensions in Frameworks */ = {isa = PBXBuildFile; productRef = CEBF5E532DB35032001D8D66 /* CoreExtensions */; };
/* End PBXBuildFile section */

/* Begin PBXContainerItemProxy section */
		70587EB72E7E52F200C55B56 /* PBXContainerItemProxy */ = {
			isa = PBXContainerItemProxy;
			containerPortal = CE54CCE92DB21BEB0008311B /* Project object */;
			proxyType = 1;
			remoteGlobalIDString = 70587EA32E7E52F000C55B56;
			remoteInfo = WidgetExtensionExtension;
		};
		CE54CD032DB21BED0008311B /* PBXContainerItemProxy */ = {
			isa = PBXContainerItemProxy;
			containerPortal = CE54CCE92DB21BEB0008311B /* Project object */;
			proxyType = 1;
			remoteGlobalIDString = CE54CCF02DB21BEB0008311B;
			remoteInfo = WhichBin;
		};
		CE54CD0D2DB21BED0008311B /* PBXContainerItemProxy */ = {
			isa = PBXContainerItemProxy;
			containerPortal = CE54CCE92DB21BEB0008311B /* Project object */;
			proxyType = 1;
			remoteGlobalIDString = CE54CCF02DB21BEB0008311B;
			remoteInfo = WhichBin;
		};
/* End PBXContainerItemProxy section */

/* Begin PBXCopyFilesBuildPhase section */
		70587EBA2E7E52F200C55B56 /* Embed Foundation Extensions */ = {
			isa = PBXCopyFilesBuildPhase;
			buildActionMask = 2147483647;
			dstPath = "";
			dstSubfolderSpec = 13;
			files = (
				70587EB92E7E52F200C55B56 /* WidgetExtensionExtension.appex in Embed Foundation Extensions */,
			);
			name = "Embed Foundation Extensions";
			runOnlyForDeploymentPostprocessing = 0;
		};
/* End PBXCopyFilesBuildPhase section */

/* Begin PBXFileReference section */
		70587EA42E7E52F000C55B56 /* WidgetExtensionExtension.appex */ = {isa = PBXFileReference; explicitFileType = "wrapper.app-extension"; includeInIndex = 0; path = WidgetExtensionExtension.appex; sourceTree = BUILT_PRODUCTS_DIR; };
		70587EA52E7E52F000C55B56 /* WidgetKit.framework */ = {isa = PBXFileReference; lastKnownFileType = wrapper.framework; name = WidgetKit.framework; path = System/Library/Frameworks/WidgetKit.framework; sourceTree = SDKROOT; };
		70587EA72E7E52F000C55B56 /* SwiftUI.framework */ = {isa = PBXFileReference; lastKnownFileType = wrapper.framework; name = SwiftUI.framework; path = System/Library/Frameworks/SwiftUI.framework; sourceTree = SDKROOT; };
		70587EDF2E7E7ACF00C55B56 /* WidgetExtensionExtension.entitlements */ = {isa = PBXFileReference; lastKnownFileType = text.plist.entitlements; path = WidgetExtensionExtension.entitlements; sourceTree = "<group>"; };
		70DC2F3E2E88BE5C00A9D363 /* WhichBinLib */ = {isa = PBXFileReference; lastKnownFileType = wrapper; name = WhichBinLib; path = ../WhichBinLib; sourceTree = SOURCE_ROOT; };
		70DC2F3F2E88BFA200A9D363 /* WhichBinDataSourceLib */ = {isa = PBXFileReference; lastKnownFileType = wrapper; name = WhichBinDataSourceLib; path = ../WhichBinDataSourceLib; sourceTree = SOURCE_ROOT; };
		70DC300D2E88D0C300A9D363 /* WhichBinMapKitLib */ = {isa = PBXFileReference; lastKnownFileType = wrapper; name = WhichBinMapKitLib; path = ../WhichBinMapKitLib; sourceTree = SOURCE_ROOT; };
		CE54CCF12DB21BEB0008311B /* WhichBin.app */ = {isa = PBXFileReference; explicitFileType = wrapper.application; includeInIndex = 0; path = WhichBin.app; sourceTree = BUILT_PRODUCTS_DIR; };
		CE54CD022DB21BED0008311B /* WhichBinTests.xctest */ = {isa = PBXFileReference; explicitFileType = wrapper.cfbundle; includeInIndex = 0; path = WhichBinTests.xctest; sourceTree = BUILT_PRODUCTS_DIR; };
		CE54CD0C2DB21BED0008311B /* WhichBinUITests.xctest */ = {isa = PBXFileReference; explicitFileType = wrapper.cfbundle; includeInIndex = 0; path = WhichBinUITests.xctest; sourceTree = BUILT_PRODUCTS_DIR; };
/* End PBXFileReference section */

/* Begin PBXFileSystemSynchronizedBuildFileExceptionSet section */
		70587EBE2E7E52F200C55B56 /* Exceptions for "WidgetExtension" folder in "WidgetExtensionExtension" target */ = {
			isa = PBXFileSystemSynchronizedBuildFileExceptionSet;
			membershipExceptions = (
				Info.plist,
			);
			target = 70587EA32E7E52F000C55B56 /* WidgetExtensionExtension */;
		};
		70587ECB2E7E535800C55B56 /* Exceptions for "WhichBin" folder in "WidgetExtensionExtension" target */ = {
			isa = PBXFileSystemSynchronizedBuildFileExceptionSet;
			membershipExceptions = (
				Assets/Assets.xcassets,
				"Extensions/Date+QuickDescription.swift",
				"Extensions/EventGroup+DateGrouping.swift",
				"Extensions/FileManager+Security.swift",
				"Extensions/UserDefaults+SecureShare.swift",
				Models/Site/Site.swift,
				Services/ScheduleService.swift,
				Services/SiteManager.swift,
				Support/ScheduleGroup.swift,
				Support/Support.swift,
			);
			target = 70587EA32E7E52F000C55B56 /* WidgetExtensionExtension */;
		};
		CE7284EF2E66BB8500B254E8 /* Exceptions for "WhichBin" folder in "WhichBin" target */ = {
			isa = PBXFileSystemSynchronizedBuildFileExceptionSet;
			membershipExceptions = (
				Info.plist,
			);
			target = CE54CCF02DB21BEB0008311B /* WhichBin */;
		};
/* End PBXFileSystemSynchronizedBuildFileExceptionSet section */

/* Begin PBXFileSystemSynchronizedRootGroup section */
		70587EA92E7E52F000C55B56 /* WidgetExtension */ = {
			isa = PBXFileSystemSynchronizedRootGroup;
			exceptions = (
				70587EBE2E7E52F200C55B56 /* Exceptions for "WidgetExtension" folder in "WidgetExtensionExtension" target */,
			);
			path = WidgetExtension;
			sourceTree = "<group>";
		};
		CE54CCF32DB21BEB0008311B /* WhichBin */ = {
			isa = PBXFileSystemSynchronizedRootGroup;
			exceptions = (
				CE7284EF2E66BB8500B254E8 /* Exceptions for "WhichBin" folder in "WhichBin" target */,
				70587ECB2E7E535800C55B56 /* Exceptions for "WhichBin" folder in "WidgetExtensionExtension" target */,
			);
			path = WhichBin;
			sourceTree = "<group>";
		};
		CE54CD052DB21BED0008311B /* WhichBinTests */ = {
			isa = PBXFileSystemSynchronizedRootGroup;
			path = WhichBinTests;
			sourceTree = "<group>";
		};
		CE54CD0F2DB21BED0008311B /* WhichBinUITests */ = {
			isa = PBXFileSystemSynchronizedRootGroup;
			path = WhichBinUITests;
			sourceTree = "<group>";
		};
/* End PBXFileSystemSynchronizedRootGroup section */

/* Begin PBXFrameworksBuildPhase section */
		70587EA12E7E52F000C55B56 /* Frameworks */ = {
			isa = PBXFrameworksBuildPhase;
			buildActionMask = 2147483647;
			files = (
				70587EC42E7E530A00C55B56 /* SwiftLocation in Frameworks */,
				70587EA82E7E52F000C55B56 /* SwiftUI.framework in Frameworks */,
				70DC30112E88D23900A9D363 /* WhichBinMapKitLib in Frameworks */,
				70587EA62E7E52F000C55B56 /* WidgetKit.framework in Frameworks */,
				70587EC22E7E530A00C55B56 /* CoreExtensions in Frameworks */,
				70DC300B2E88C59400A9D363 /* WhichBinLib in Frameworks */,
				70587EC72E7E533200C55B56 /* Cadmus in Frameworks */,
				70DC30092E88C59400A9D363 /* WhichBinDataSourceLib in Frameworks */,
			);
			runOnlyForDeploymentPostprocessing = 0;
		};
		CE54CCEE2DB21BEB0008311B /* Frameworks */ = {
			isa = PBXFrameworksBuildPhase;
			buildActionMask = 2147483647;
			files = (
				70587EC92E7E534100C55B56 /* Cadmus in Frameworks */,
				703AD67A2E6A6AD4007BF15E /* SwiftLocation in Frameworks */,
				CEBF5E542DB35032001D8D66 /* CoreExtensions in Frameworks */,
				70DC300F2E88D23200A9D363 /* WhichBinMapKitLib in Frameworks */,
				70DC30012E88C3E200A9D363 /* WhichBinDataSourceLib in Frameworks */,
				70DC30032E88C3E200A9D363 /* WhichBinLib in Frameworks */,
				708B07572E75226500C5C006 /* MarkdownUI in Frameworks */,
			);
			runOnlyForDeploymentPostprocessing = 0;
		};
		CE54CCFF2DB21BED0008311B /* Frameworks */ = {
			isa = PBXFrameworksBuildPhase;
			buildActionMask = 2147483647;
			files = (
			);
			runOnlyForDeploymentPostprocessing = 0;
		};
		CE54CD092DB21BED0008311B /* Frameworks */ = {
			isa = PBXFrameworksBuildPhase;
			buildActionMask = 2147483647;
			files = (
			);
			runOnlyForDeploymentPostprocessing = 0;
		};
/* End PBXFrameworksBuildPhase section */

/* Begin PBXGroup section */
		CE54CCE82DB21BEB0008311B = {
			isa = PBXGroup;
			children = (
				70DC300D2E88D0C300A9D363 /* WhichBinMapKitLib */,
				70DC2F3E2E88BE5C00A9D363 /* WhichBinLib */,
				70DC2F3F2E88BFA200A9D363 /* WhichBinDataSourceLib */,
				70587EDF2E7E7ACF00C55B56 /* WidgetExtensionExtension.entitlements */,
				CE54CCF32DB21BEB0008311B /* WhichBin */,
				CE54CD052DB21BED0008311B /* WhichBinTests */,
				CE54CD0F2DB21BED0008311B /* WhichBinUITests */,
				70587EA92E7E52F000C55B56 /* WidgetExtension */,
				CEBF5E3D2DB2213E001D8D66 /* Frameworks */,
				CE54CCF22DB21BEB0008311B /* Products */,
			);
			sourceTree = "<group>";
		};
		CE54CCF22DB21BEB0008311B /* Products */ = {
			isa = PBXGroup;
			children = (
				CE54CCF12DB21BEB0008311B /* WhichBin.app */,
				CE54CD022DB21BED0008311B /* WhichBinTests.xctest */,
				CE54CD0C2DB21BED0008311B /* WhichBinUITests.xctest */,
				70587EA42E7E52F000C55B56 /* WidgetExtensionExtension.appex */,
			);
			name = Products;
			sourceTree = "<group>";
		};
		CEBF5E3D2DB2213E001D8D66 /* Frameworks */ = {
			isa = PBXGroup;
			children = (
				70587EA52E7E52F000C55B56 /* WidgetKit.framework */,
				70587EA72E7E52F000C55B56 /* SwiftUI.framework */,
			);
			name = Frameworks;
			sourceTree = "<group>";
		};
/* End PBXGroup section */

/* Begin PBXNativeTarget section */
		70587EA32E7E52F000C55B56 /* WidgetExtensionExtension */ = {
			isa = PBXNativeTarget;
			buildConfigurationList = 70587EBD2E7E52F200C55B56 /* Build configuration list for PBXNativeTarget "WidgetExtensionExtension" */;
			buildPhases = (
				70587EA02E7E52F000C55B56 /* Sources */,
				70587EA12E7E52F000C55B56 /* Frameworks */,
				70587EA22E7E52F000C55B56 /* Resources */,
			);
			buildRules = (
			);
			dependencies = (
			);
			fileSystemSynchronizedGroups = (
				70587EA92E7E52F000C55B56 /* WidgetExtension */,
			);
			name = WidgetExtensionExtension;
			packageProductDependencies = (
				70587EC12E7E530A00C55B56 /* CoreExtensions */,
				70587EC32E7E530A00C55B56 /* SwiftLocation */,
				70587EC62E7E533200C55B56 /* Cadmus */,
				70DC30082E88C59400A9D363 /* WhichBinDataSourceLib */,
				70DC300A2E88C59400A9D363 /* WhichBinLib */,
				70DC30102E88D23900A9D363 /* WhichBinMapKitLib */,
			);
			productName = WidgetExtensionExtension;
			productReference = 70587EA42E7E52F000C55B56 /* WidgetExtensionExtension.appex */;
			productType = "com.apple.product-type.app-extension";
		};
		CE54CCF02DB21BEB0008311B /* WhichBin */ = {
			isa = PBXNativeTarget;
			buildConfigurationList = CE54CD162DB21BED0008311B /* Build configuration list for PBXNativeTarget "WhichBin" */;
			buildPhases = (
				CE54CCED2DB21BEB0008311B /* Sources */,
				CE54CCEE2DB21BEB0008311B /* Frameworks */,
				CE54CCEF2DB21BEB0008311B /* Resources */,
				70587EBA2E7E52F200C55B56 /* Embed Foundation Extensions */,
			);
			buildRules = (
			);
			dependencies = (
				70587EB82E7E52F200C55B56 /* PBXTargetDependency */,
			);
			fileSystemSynchronizedGroups = (
				CE54CCF32DB21BEB0008311B /* WhichBin */,
			);
			name = WhichBin;
			packageProductDependencies = (
				CEBF5E532DB35032001D8D66 /* CoreExtensions */,
				703AD6792E6A6AD4007BF15E /* SwiftLocation */,
				708B07562E75226500C5C006 /* MarkdownUI */,
				70587EC82E7E534100C55B56 /* Cadmus */,
				70DC30002E88C3E200A9D363 /* WhichBinDataSourceLib */,
				70DC30022E88C3E200A9D363 /* WhichBinLib */,
				70DC300E2E88D23200A9D363 /* WhichBinMapKitLib */,
			);
			productName = WhichBin;
			productReference = CE54CCF12DB21BEB0008311B /* WhichBin.app */;
			productType = "com.apple.product-type.application";
		};
		CE54CD012DB21BED0008311B /* WhichBinTests */ = {
			isa = PBXNativeTarget;
			buildConfigurationList = CE54CD192DB21BED0008311B /* Build configuration list for PBXNativeTarget "WhichBinTests" */;
			buildPhases = (
				CE54CCFE2DB21BED0008311B /* Sources */,
				CE54CCFF2DB21BED0008311B /* Frameworks */,
				CE54CD002DB21BED0008311B /* Resources */,
			);
			buildRules = (
			);
			dependencies = (
				CE54CD042DB21BED0008311B /* PBXTargetDependency */,
			);
			fileSystemSynchronizedGroups = (
				CE54CD052DB21BED0008311B /* WhichBinTests */,
			);
			name = WhichBinTests;
			packageProductDependencies = (
			);
			productName = WhichBinTests;
			productReference = CE54CD022DB21BED0008311B /* WhichBinTests.xctest */;
			productType = "com.apple.product-type.bundle.unit-test";
		};
		CE54CD0B2DB21BED0008311B /* WhichBinUITests */ = {
			isa = PBXNativeTarget;
			buildConfigurationList = CE54CD1C2DB21BED0008311B /* Build configuration list for PBXNativeTarget "WhichBinUITests" */;
			buildPhases = (
				CE54CD082DB21BED0008311B /* Sources */,
				CE54CD092DB21BED0008311B /* Frameworks */,
				CE54CD0A2DB21BED0008311B /* Resources */,
			);
			buildRules = (
			);
			dependencies = (
				CE54CD0E2DB21BED0008311B /* PBXTargetDependency */,
			);
			fileSystemSynchronizedGroups = (
				CE54CD0F2DB21BED0008311B /* WhichBinUITests */,
			);
			name = WhichBinUITests;
			packageProductDependencies = (
			);
			productName = WhichBinUITests;
			productReference = CE54CD0C2DB21BED0008311B /* WhichBinUITests.xctest */;
			productType = "com.apple.product-type.bundle.ui-testing";
		};
/* End PBXNativeTarget section */

/* Begin PBXProject section */
		CE54CCE92DB21BEB0008311B /* Project object */ = {
			isa = PBXProject;
			attributes = {
				BuildIndependentTargetsInParallel = 1;
				LastSwiftUpdateCheck = 1620;
				LastUpgradeCheck = 2600;
				TargetAttributes = {
					70587EA32E7E52F000C55B56 = {
						CreatedOnToolsVersion = 16.2;
					};
					CE54CCF02DB21BEB0008311B = {
						CreatedOnToolsVersion = 16.2;
					};
					CE54CD012DB21BED0008311B = {
						CreatedOnToolsVersion = 16.2;
						TestTargetID = CE54CCF02DB21BEB0008311B;
					};
					CE54CD0B2DB21BED0008311B = {
						CreatedOnToolsVersion = 16.2;
						TestTargetID = CE54CCF02DB21BEB0008311B;
					};
				};
			};
			buildConfigurationList = CE54CCEC2DB21BEB0008311B /* Build configuration list for PBXProject "WhichBin" */;
			developmentRegion = en;
			hasScannedForEncodings = 0;
			knownRegions = (
				en,
				Base,
			);
			mainGroup = CE54CCE82DB21BEB0008311B;
			minimizedProjectReferenceProxies = 1;
			packageReferences = (
				CEBF5E522DB35026001D8D66 /* XCRemoteSwiftPackageReference "CoreExtensions" */,
				703AD62E2E6A6251007BF15E /* XCRemoteSwiftPackageReference "SwiftLocation" */,
				708B07552E75224E00C5C006 /* XCRemoteSwiftPackageReference "swift-markdown-ui" */,
				70587EC52E7E531F00C55B56 /* XCRemoteSwiftPackageReference "Cadmus" */,
			);
			preferredProjectObjectVersion = 77;
			productRefGroup = CE54CCF22DB21BEB0008311B /* Products */;
			projectDirPath = "";
			projectRoot = "";
			targets = (
				CE54CCF02DB21BEB0008311B /* WhichBin */,
				CE54CD012DB21BED0008311B /* WhichBinTests */,
				CE54CD0B2DB21BED0008311B /* WhichBinUITests */,
				70587EA32E7E52F000C55B56 /* WidgetExtensionExtension */,
			);
		};
/* End PBXProject section */

/* Begin PBXResourcesBuildPhase section */
		70587EA22E7E52F000C55B56 /* Resources */ = {
			isa = PBXResourcesBuildPhase;
			buildActionMask = 2147483647;
			files = (
			);
			runOnlyForDeploymentPostprocessing = 0;
		};
		CE54CCEF2DB21BEB0008311B /* Resources */ = {
			isa = PBXResourcesBuildPhase;
			buildActionMask = 2147483647;
			files = (
			);
			runOnlyForDeploymentPostprocessing = 0;
		};
		CE54CD002DB21BED0008311B /* Resources */ = {
			isa = PBXResourcesBuildPhase;
			buildActionMask = 2147483647;
			files = (
			);
			runOnlyForDeploymentPostprocessing = 0;
		};
		CE54CD0A2DB21BED0008311B /* Resources */ = {
			isa = PBXResourcesBuildPhase;
			buildActionMask = 2147483647;
			files = (
			);
			runOnlyForDeploymentPostprocessing = 0;
		};
/* End PBXResourcesBuildPhase section */

/* Begin PBXSourcesBuildPhase section */
		70587EA02E7E52F000C55B56 /* Sources */ = {
			isa = PBXSourcesBuildPhase;
			buildActionMask = 2147483647;
			files = (
			);
			runOnlyForDeploymentPostprocessing = 0;
		};
		CE54CCED2DB21BEB0008311B /* Sources */ = {
			isa = PBXSourcesBuildPhase;
			buildActionMask = 2147483647;
			files = (
			);
			runOnlyForDeploymentPostprocessing = 0;
		};
		CE54CCFE2DB21BED0008311B /* Sources */ = {
			isa = PBXSourcesBuildPhase;
			buildActionMask = 2147483647;
			files = (
			);
			runOnlyForDeploymentPostprocessing = 0;
		};
		CE54CD082DB21BED0008311B /* Sources */ = {
			isa = PBXSourcesBuildPhase;
			buildActionMask = 2147483647;
			files = (
			);
			runOnlyForDeploymentPostprocessing = 0;
		};
/* End PBXSourcesBuildPhase section */

/* Begin PBXTargetDependency section */
		70587EB82E7E52F200C55B56 /* PBXTargetDependency */ = {
			isa = PBXTargetDependency;
			target = 70587EA32E7E52F000C55B56 /* WidgetExtensionExtension */;
			targetProxy = 70587EB72E7E52F200C55B56 /* PBXContainerItemProxy */;
		};
		CE54CD042DB21BED0008311B /* PBXTargetDependency */ = {
			isa = PBXTargetDependency;
			target = CE54CCF02DB21BEB0008311B /* WhichBin */;
			targetProxy = CE54CD032DB21BED0008311B /* PBXContainerItemProxy */;
		};
		CE54CD0E2DB21BED0008311B /* PBXTargetDependency */ = {
			isa = PBXTargetDependency;
			target = CE54CCF02DB21BEB0008311B /* WhichBin */;
			targetProxy = CE54CD0D2DB21BED0008311B /* PBXContainerItemProxy */;
		};
/* End PBXTargetDependency section */

/* Begin XCBuildConfiguration section */
		70587EBB2E7E52F200C55B56 /* Debug */ = {
			isa = XCBuildConfiguration;
			buildSettings = {
				ASSETCATALOG_COMPILER_GLOBAL_ACCENT_COLOR_NAME = AccentColor;
				ASSETCATALOG_COMPILER_WIDGET_BACKGROUND_COLOR_NAME = WidgetBackground;
				CODE_SIGN_ENTITLEMENTS = WidgetExtensionExtension.entitlements;
				CODE_SIGN_STYLE = Automatic;
				CURRENT_PROJECT_VERSION = 1;
				DEVELOPMENT_TEAM = YWXH886EY3;
				GENERATE_INFOPLIST_FILE = YES;
				INFOPLIST_FILE = WidgetExtension/Info.plist;
				INFOPLIST_KEY_CFBundleDisplayName = WidgetExtension;
				INFOPLIST_KEY_NSHumanReadableCopyright = "";
				IPHONEOS_DEPLOYMENT_TARGET = 18.2;
				LD_RUNPATH_SEARCH_PATHS = (
					"$(inherited)",
					"@executable_path/Frameworks",
					"@executable_path/../../Frameworks",
				);
				MARKETING_VERSION = 1.0;
				PRODUCT_BUNDLE_IDENTIFIER = org.kaizen.WhichBin.WidgetExtension;
				PRODUCT_NAME = "$(TARGET_NAME)";
				SDKROOT = iphoneos;
				SKIP_INSTALL = YES;
				SWIFT_EMIT_LOC_STRINGS = YES;
				SWIFT_VERSION = 5.0;
				TARGETED_DEVICE_FAMILY = "1,2";
			};
			name = Debug;
		};
		70587EBC2E7E52F200C55B56 /* Release */ = {
			isa = XCBuildConfiguration;
			buildSettings = {
				ASSETCATALOG_COMPILER_GLOBAL_ACCENT_COLOR_NAME = AccentColor;
				ASSETCATALOG_COMPILER_WIDGET_BACKGROUND_COLOR_NAME = WidgetBackground;
				CODE_SIGN_ENTITLEMENTS = WidgetExtensionExtension.entitlements;
				CODE_SIGN_STYLE = Automatic;
				CURRENT_PROJECT_VERSION = 1;
				DEVELOPMENT_TEAM = YWXH886EY3;
				GENERATE_INFOPLIST_FILE = YES;
				INFOPLIST_FILE = WidgetExtension/Info.plist;
				INFOPLIST_KEY_CFBundleDisplayName = WidgetExtension;
				INFOPLIST_KEY_NSHumanReadableCopyright = "";
				IPHONEOS_DEPLOYMENT_TARGET = 18.2;
				LD_RUNPATH_SEARCH_PATHS = (
					"$(inherited)",
					"@executable_path/Frameworks",
					"@executable_path/../../Frameworks",
				);
				MARKETING_VERSION = 1.0;
				PRODUCT_BUNDLE_IDENTIFIER = org.kaizen.WhichBin.WidgetExtension;
				PRODUCT_NAME = "$(TARGET_NAME)";
				SDKROOT = iphoneos;
				SKIP_INSTALL = YES;
				SWIFT_EMIT_LOC_STRINGS = YES;
				SWIFT_VERSION = 5.0;
				TARGETED_DEVICE_FAMILY = "1,2";
				VALIDATE_PRODUCT = YES;
			};
			name = Release;
		};
		CE54CD142DB21BED0008311B /* Debug */ = {
			isa = XCBuildConfiguration;
			buildSettings = {
				ALWAYS_SEARCH_USER_PATHS = NO;
				ASSETCATALOG_COMPILER_GENERATE_SWIFT_ASSET_SYMBOL_EXTENSIONS = YES;
				CLANG_ANALYZER_NONNULL = YES;
				CLANG_ANALYZER_NUMBER_OBJECT_CONVERSION = YES_AGGRESSIVE;
				CLANG_CXX_LANGUAGE_STANDARD = "gnu++20";
				CLANG_ENABLE_MODULES = YES;
				CLANG_ENABLE_OBJC_ARC = YES;
				CLANG_ENABLE_OBJC_WEAK = YES;
				CLANG_WARN_BLOCK_CAPTURE_AUTORELEASING = YES;
				CLANG_WARN_BOOL_CONVERSION = YES;
				CLANG_WARN_COMMA = YES;
				CLANG_WARN_CONSTANT_CONVERSION = YES;
				CLANG_WARN_DEPRECATED_OBJC_IMPLEMENTATIONS = YES;
				CLANG_WARN_DIRECT_OBJC_ISA_USAGE = YES_ERROR;
				CLANG_WARN_DOCUMENTATION_COMMENTS = YES;
				CLANG_WARN_EMPTY_BODY = YES;
				CLANG_WARN_ENUM_CONVERSION = YES;
				CLANG_WARN_INFINITE_RECURSION = YES;
				CLANG_WARN_INT_CONVERSION = YES;
				CLANG_WARN_NON_LITERAL_NULL_CONVERSION = YES;
				CLANG_WARN_OBJC_IMPLICIT_RETAIN_SELF = YES;
				CLANG_WARN_OBJC_LITERAL_CONVERSION = YES;
				CLANG_WARN_OBJC_ROOT_CLASS = YES_ERROR;
				CLANG_WARN_QUOTED_INCLUDE_IN_FRAMEWORK_HEADER = YES;
				CLANG_WARN_RANGE_LOOP_ANALYSIS = YES;
				CLANG_WARN_STRICT_PROTOTYPES = YES;
				CLANG_WARN_SUSPICIOUS_MOVE = YES;
				CLANG_WARN_UNGUARDED_AVAILABILITY = YES_AGGRESSIVE;
				CLANG_WARN_UNREACHABLE_CODE = YES;
				CLANG_WARN__DUPLICATE_METHOD_MATCH = YES;
				COPY_PHASE_STRIP = NO;
				DEAD_CODE_STRIPPING = YES;
				DEBUG_INFORMATION_FORMAT = dwarf;
				ENABLE_STRICT_OBJC_MSGSEND = YES;
				ENABLE_TESTABILITY = YES;
				ENABLE_USER_SCRIPT_SANDBOXING = YES;
				GCC_C_LANGUAGE_STANDARD = gnu17;
				GCC_DYNAMIC_NO_PIC = NO;
				GCC_NO_COMMON_BLOCKS = YES;
				GCC_OPTIMIZATION_LEVEL = 0;
				GCC_PREPROCESSOR_DEFINITIONS = (
					"DEBUG=1",
					"$(inherited)",
				);
				GCC_WARN_64_TO_32_BIT_CONVERSION = YES;
				GCC_WARN_ABOUT_RETURN_TYPE = YES_ERROR;
				GCC_WARN_UNDECLARED_SELECTOR = YES;
				GCC_WARN_UNINITIALIZED_AUTOS = YES_AGGRESSIVE;
				GCC_WARN_UNUSED_FUNCTION = YES;
				GCC_WARN_UNUSED_VARIABLE = YES;
				LOCALIZATION_PREFERS_STRING_CATALOGS = YES;
				MTL_ENABLE_DEBUG_INFO = INCLUDE_SOURCE;
				MTL_FAST_MATH = YES;
				ONLY_ACTIVE_ARCH = YES;
				STRING_CATALOG_GENERATE_SYMBOLS = YES;
				SWIFT_ACTIVE_COMPILATION_CONDITIONS = "DEBUG $(inherited)";
				SWIFT_OPTIMIZATION_LEVEL = "-Onone";
			};
			name = Debug;
		};
		CE54CD152DB21BED0008311B /* Release */ = {
			isa = XCBuildConfiguration;
			buildSettings = {
				ALWAYS_SEARCH_USER_PATHS = NO;
				ASSETCATALOG_COMPILER_GENERATE_SWIFT_ASSET_SYMBOL_EXTENSIONS = YES;
				CLANG_ANALYZER_NONNULL = YES;
				CLANG_ANALYZER_NUMBER_OBJECT_CONVERSION = YES_AGGRESSIVE;
				CLANG_CXX_LANGUAGE_STANDARD = "gnu++20";
				CLANG_ENABLE_MODULES = YES;
				CLANG_ENABLE_OBJC_ARC = YES;
				CLANG_ENABLE_OBJC_WEAK = YES;
				CLANG_WARN_BLOCK_CAPTURE_AUTORELEASING = YES;
				CLANG_WARN_BOOL_CONVERSION = YES;
				CLANG_WARN_COMMA = YES;
				CLANG_WARN_CONSTANT_CONVERSION = YES;
				CLANG_WARN_DEPRECATED_OBJC_IMPLEMENTATIONS = YES;
				CLANG_WARN_DIRECT_OBJC_ISA_USAGE = YES_ERROR;
				CLANG_WARN_DOCUMENTATION_COMMENTS = YES;
				CLANG_WARN_EMPTY_BODY = YES;
				CLANG_WARN_ENUM_CONVERSION = YES;
				CLANG_WARN_INFINITE_RECURSION = YES;
				CLANG_WARN_INT_CONVERSION = YES;
				CLANG_WARN_NON_LITERAL_NULL_CONVERSION = YES;
				CLANG_WARN_OBJC_IMPLICIT_RETAIN_SELF = YES;
				CLANG_WARN_OBJC_LITERAL_CONVERSION = YES;
				CLANG_WARN_OBJC_ROOT_CLASS = YES_ERROR;
				CLANG_WARN_QUOTED_INCLUDE_IN_FRAMEWORK_HEADER = YES;
				CLANG_WARN_RANGE_LOOP_ANALYSIS = YES;
				CLANG_WARN_STRICT_PROTOTYPES = YES;
				CLANG_WARN_SUSPICIOUS_MOVE = YES;
				CLANG_WARN_UNGUARDED_AVAILABILITY = YES_AGGRESSIVE;
				CLANG_WARN_UNREACHABLE_CODE = YES;
				CLANG_WARN__DUPLICATE_METHOD_MATCH = YES;
				COPY_PHASE_STRIP = NO;
				DEAD_CODE_STRIPPING = YES;
				DEBUG_INFORMATION_FORMAT = "dwarf-with-dsym";
				ENABLE_NS_ASSERTIONS = NO;
				ENABLE_STRICT_OBJC_MSGSEND = YES;
				ENABLE_USER_SCRIPT_SANDBOXING = YES;
				GCC_C_LANGUAGE_STANDARD = gnu17;
				GCC_NO_COMMON_BLOCKS = YES;
				GCC_WARN_64_TO_32_BIT_CONVERSION = YES;
				GCC_WARN_ABOUT_RETURN_TYPE = YES_ERROR;
				GCC_WARN_UNDECLARED_SELECTOR = YES;
				GCC_WARN_UNINITIALIZED_AUTOS = YES_AGGRESSIVE;
				GCC_WARN_UNUSED_FUNCTION = YES;
				GCC_WARN_UNUSED_VARIABLE = YES;
				LOCALIZATION_PREFERS_STRING_CATALOGS = YES;
				MTL_ENABLE_DEBUG_INFO = NO;
				MTL_FAST_MATH = YES;
				STRING_CATALOG_GENERATE_SYMBOLS = YES;
				SWIFT_COMPILATION_MODE = wholemodule;
			};
			name = Release;
		};
		CE54CD172DB21BED0008311B /* Debug */ = {
			isa = XCBuildConfiguration;
			buildSettings = {
				ASSETCATALOG_COMPILER_APPICON_NAME = AppIcon;
				ASSETCATALOG_COMPILER_GLOBAL_ACCENT_COLOR_NAME = AccentColor;
				CODE_SIGN_ENTITLEMENTS = WhichBin/WhichBin.entitlements;
				CODE_SIGN_STYLE = Automatic;
				CURRENT_PROJECT_VERSION = 1;
				DEAD_CODE_STRIPPING = YES;
				DEVELOPMENT_ASSET_PATHS = "\"WhichBin/Preview Content\"";
				DEVELOPMENT_TEAM = YWXH886EY3;
				ENABLE_APP_SANDBOX = YES;
				ENABLE_OUTGOING_NETWORK_CONNECTIONS = YES;
				ENABLE_PREVIEWS = YES;
				ENABLE_RESOURCE_ACCESS_LOCATION = YES;
				ENABLE_USER_SELECTED_FILES = readonly;
				GENERATE_INFOPLIST_FILE = YES;
				INFOPLIST_FILE = WhichBin/Info.plist;
				INFOPLIST_KEY_NSLocationAlwaysAndWhenInUseUsageDescription = "Assist in managing your collection sites";
				INFOPLIST_KEY_NSLocationAlwaysUsageDescription = "Assist in finding your current location";
				INFOPLIST_KEY_NSLocationUsageDescription = "Assist in finding your current location";
				INFOPLIST_KEY_NSLocationWhenInUseUsageDescription = "Assist in managing your collection sites";
				"INFOPLIST_KEY_UIApplicationSceneManifest_Generation[sdk=iphoneos*]" = YES;
				"INFOPLIST_KEY_UIApplicationSceneManifest_Generation[sdk=iphonesimulator*]" = YES;
				"INFOPLIST_KEY_UIApplicationSupportsIndirectInputEvents[sdk=iphoneos*]" = YES;
				"INFOPLIST_KEY_UIApplicationSupportsIndirectInputEvents[sdk=iphonesimulator*]" = YES;
				"INFOPLIST_KEY_UILaunchScreen_Generation[sdk=iphoneos*]" = YES;
				"INFOPLIST_KEY_UILaunchScreen_Generation[sdk=iphonesimulator*]" = YES;
				"INFOPLIST_KEY_UIStatusBarStyle[sdk=iphoneos*]" = UIStatusBarStyleDefault;
				"INFOPLIST_KEY_UIStatusBarStyle[sdk=iphonesimulator*]" = UIStatusBarStyleDefault;
				INFOPLIST_KEY_UISupportedInterfaceOrientations_iPad = "UIInterfaceOrientationPortrait UIInterfaceOrientationPortraitUpsideDown UIInterfaceOrientationLandscapeLeft UIInterfaceOrientationLandscapeRight";
				INFOPLIST_KEY_UISupportedInterfaceOrientations_iPhone = "UIInterfaceOrientationPortrait UIInterfaceOrientationLandscapeLeft UIInterfaceOrientationLandscapeRight";
				IPHONEOS_DEPLOYMENT_TARGET = 18.2;
				LD_RUNPATH_SEARCH_PATHS = "@executable_path/Frameworks";
				"LD_RUNPATH_SEARCH_PATHS[sdk=macosx*]" = "@executable_path/../Frameworks";
				MACOSX_DEPLOYMENT_TARGET = 15.2;
				MARKETING_VERSION = 1.0;
				PRODUCT_BUNDLE_IDENTIFIER = org.kaizen.WhichBin;
				PRODUCT_NAME = "$(TARGET_NAME)";
				REGISTER_APP_GROUPS = YES;
				SDKROOT = auto;
				SUPPORTED_PLATFORMS = "iphoneos iphonesimulator macosx xros xrsimulator";
				SWIFT_EMIT_LOC_STRINGS = YES;
				SWIFT_VERSION = 5.0;
				TARGETED_DEVICE_FAMILY = "1,2,7";
				XROS_DEPLOYMENT_TARGET = 2.2;
			};
			name = Debug;
		};
		CE54CD182DB21BED0008311B /* Release */ = {
			isa = XCBuildConfiguration;
			buildSettings = {
				ASSETCATALOG_COMPILER_APPICON_NAME = AppIcon;
				ASSETCATALOG_COMPILER_GLOBAL_ACCENT_COLOR_NAME = AccentColor;
				CODE_SIGN_ENTITLEMENTS = WhichBin/WhichBin.entitlements;
				CODE_SIGN_STYLE = Automatic;
				CURRENT_PROJECT_VERSION = 1;
				DEAD_CODE_STRIPPING = YES;
				DEVELOPMENT_ASSET_PATHS = "\"WhichBin/Preview Content\"";
				DEVELOPMENT_TEAM = YWXH886EY3;
				ENABLE_APP_SANDBOX = YES;
				ENABLE_OUTGOING_NETWORK_CONNECTIONS = YES;
				ENABLE_PREVIEWS = YES;
				ENABLE_RESOURCE_ACCESS_LOCATION = YES;
				ENABLE_USER_SELECTED_FILES = readonly;
				GENERATE_INFOPLIST_FILE = YES;
				INFOPLIST_FILE = WhichBin/Info.plist;
				INFOPLIST_KEY_NSLocationAlwaysAndWhenInUseUsageDescription = "Assist in managing your collection sites";
				INFOPLIST_KEY_NSLocationAlwaysUsageDescription = "Assist in finding your current location";
				INFOPLIST_KEY_NSLocationUsageDescription = "Assist in finding your current location";
				INFOPLIST_KEY_NSLocationWhenInUseUsageDescription = "Assist in managing your collection sites";
				"INFOPLIST_KEY_UIApplicationSceneManifest_Generation[sdk=iphoneos*]" = YES;
				"INFOPLIST_KEY_UIApplicationSceneManifest_Generation[sdk=iphonesimulator*]" = YES;
				"INFOPLIST_KEY_UIApplicationSupportsIndirectInputEvents[sdk=iphoneos*]" = YES;
				"INFOPLIST_KEY_UIApplicationSupportsIndirectInputEvents[sdk=iphonesimulator*]" = YES;
				"INFOPLIST_KEY_UILaunchScreen_Generation[sdk=iphoneos*]" = YES;
				"INFOPLIST_KEY_UILaunchScreen_Generation[sdk=iphonesimulator*]" = YES;
				"INFOPLIST_KEY_UIStatusBarStyle[sdk=iphoneos*]" = UIStatusBarStyleDefault;
				"INFOPLIST_KEY_UIStatusBarStyle[sdk=iphonesimulator*]" = UIStatusBarStyleDefault;
				INFOPLIST_KEY_UISupportedInterfaceOrientations_iPad = "UIInterfaceOrientationPortrait UIInterfaceOrientationPortraitUpsideDown UIInterfaceOrientationLandscapeLeft UIInterfaceOrientationLandscapeRight";
				INFOPLIST_KEY_UISupportedInterfaceOrientations_iPhone = "UIInterfaceOrientationPortrait UIInterfaceOrientationLandscapeLeft UIInterfaceOrientationLandscapeRight";
				IPHONEOS_DEPLOYMENT_TARGET = 18.2;
				LD_RUNPATH_SEARCH_PATHS = "@executable_path/Frameworks";
				"LD_RUNPATH_SEARCH_PATHS[sdk=macosx*]" = "@executable_path/../Frameworks";
				MACOSX_DEPLOYMENT_TARGET = 15.2;
				MARKETING_VERSION = 1.0;
				PRODUCT_BUNDLE_IDENTIFIER = org.kaizen.WhichBin;
				PRODUCT_NAME = "$(TARGET_NAME)";
				REGISTER_APP_GROUPS = YES;
				SDKROOT = auto;
				SUPPORTED_PLATFORMS = "iphoneos iphonesimulator macosx xros xrsimulator";
				SWIFT_EMIT_LOC_STRINGS = YES;
				SWIFT_VERSION = 5.0;
				TARGETED_DEVICE_FAMILY = "1,2,7";
				XROS_DEPLOYMENT_TARGET = 2.2;
			};
			name = Release;
		};
		CE54CD1A2DB21BED0008311B /* Debug */ = {
			isa = XCBuildConfiguration;
			buildSettings = {
				BUNDLE_LOADER = "$(TEST_HOST)";
				CODE_SIGN_STYLE = Automatic;
				CURRENT_PROJECT_VERSION = 1;
				DEAD_CODE_STRIPPING = YES;
				GENERATE_INFOPLIST_FILE = YES;
				IPHONEOS_DEPLOYMENT_TARGET = 18.2;
				MACOSX_DEPLOYMENT_TARGET = 15.2;
				MARKETING_VERSION = 1.0;
				PRODUCT_BUNDLE_IDENTIFIER = org.kaizen.WhichBinTests;
				PRODUCT_NAME = "$(TARGET_NAME)";
				SDKROOT = auto;
				SUPPORTED_PLATFORMS = "iphoneos iphonesimulator macosx xros xrsimulator";
				SWIFT_EMIT_LOC_STRINGS = NO;
				SWIFT_VERSION = 5.0;
				TARGETED_DEVICE_FAMILY = "1,2,7";
				TEST_HOST = "$(BUILT_PRODUCTS_DIR)/WhichBin.app/$(BUNDLE_EXECUTABLE_FOLDER_PATH)/WhichBin";
				XROS_DEPLOYMENT_TARGET = 2.2;
			};
			name = Debug;
		};
		CE54CD1B2DB21BED0008311B /* Release */ = {
			isa = XCBuildConfiguration;
			buildSettings = {
				BUNDLE_LOADER = "$(TEST_HOST)";
				CODE_SIGN_STYLE = Automatic;
				CURRENT_PROJECT_VERSION = 1;
				DEAD_CODE_STRIPPING = YES;
				GENERATE_INFOPLIST_FILE = YES;
				IPHONEOS_DEPLOYMENT_TARGET = 18.2;
				MACOSX_DEPLOYMENT_TARGET = 15.2;
				MARKETING_VERSION = 1.0;
				PRODUCT_BUNDLE_IDENTIFIER = org.kaizen.WhichBinTests;
				PRODUCT_NAME = "$(TARGET_NAME)";
				SDKROOT = auto;
				SUPPORTED_PLATFORMS = "iphoneos iphonesimulator macosx xros xrsimulator";
				SWIFT_EMIT_LOC_STRINGS = NO;
				SWIFT_VERSION = 5.0;
				TARGETED_DEVICE_FAMILY = "1,2,7";
				TEST_HOST = "$(BUILT_PRODUCTS_DIR)/WhichBin.app/$(BUNDLE_EXECUTABLE_FOLDER_PATH)/WhichBin";
				XROS_DEPLOYMENT_TARGET = 2.2;
			};
			name = Release;
		};
		CE54CD1D2DB21BED0008311B /* Debug */ = {
			isa = XCBuildConfiguration;
			buildSettings = {
				CODE_SIGN_STYLE = Automatic;
				CURRENT_PROJECT_VERSION = 1;
				DEAD_CODE_STRIPPING = YES;
				GENERATE_INFOPLIST_FILE = YES;
				IPHONEOS_DEPLOYMENT_TARGET = 18.2;
				MACOSX_DEPLOYMENT_TARGET = 15.2;
				MARKETING_VERSION = 1.0;
				PRODUCT_BUNDLE_IDENTIFIER = org.kaizen.WhichBinUITests;
				PRODUCT_NAME = "$(TARGET_NAME)";
				SDKROOT = auto;
				SUPPORTED_PLATFORMS = "iphoneos iphonesimulator macosx xros xrsimulator";
				SWIFT_EMIT_LOC_STRINGS = NO;
				SWIFT_VERSION = 5.0;
				TARGETED_DEVICE_FAMILY = "1,2,7";
				TEST_TARGET_NAME = WhichBin;
				XROS_DEPLOYMENT_TARGET = 2.2;
			};
			name = Debug;
		};
		CE54CD1E2DB21BED0008311B /* Release */ = {
			isa = XCBuildConfiguration;
			buildSettings = {
				CODE_SIGN_STYLE = Automatic;
				CURRENT_PROJECT_VERSION = 1;
				DEAD_CODE_STRIPPING = YES;
				GENERATE_INFOPLIST_FILE = YES;
				IPHONEOS_DEPLOYMENT_TARGET = 18.2;
				MACOSX_DEPLOYMENT_TARGET = 15.2;
				MARKETING_VERSION = 1.0;
				PRODUCT_BUNDLE_IDENTIFIER = org.kaizen.WhichBinUITests;
				PRODUCT_NAME = "$(TARGET_NAME)";
				SDKROOT = auto;
				SUPPORTED_PLATFORMS = "iphoneos iphonesimulator macosx xros xrsimulator";
				SWIFT_EMIT_LOC_STRINGS = NO;
				SWIFT_VERSION = 5.0;
				TARGETED_DEVICE_FAMILY = "1,2,7";
				TEST_TARGET_NAME = WhichBin;
				XROS_DEPLOYMENT_TARGET = 2.2;
			};
			name = Release;
		};
/* End XCBuildConfiguration section */

/* Begin XCConfigurationList section */
		70587EBD2E7E52F200C55B56 /* Build configuration list for PBXNativeTarget "WidgetExtensionExtension" */ = {
			isa = XCConfigurationList;
			buildConfigurations = (
				70587EBB2E7E52F200C55B56 /* Debug */,
				70587EBC2E7E52F200C55B56 /* Release */,
			);
			defaultConfigurationIsVisible = 0;
			defaultConfigurationName = Release;
		};
		CE54CCEC2DB21BEB0008311B /* Build configuration list for PBXProject "WhichBin" */ = {
			isa = XCConfigurationList;
			buildConfigurations = (
				CE54CD142DB21BED0008311B /* Debug */,
				CE54CD152DB21BED0008311B /* Release */,
			);
			defaultConfigurationIsVisible = 0;
			defaultConfigurationName = Release;
		};
		CE54CD162DB21BED0008311B /* Build configuration list for PBXNativeTarget "WhichBin" */ = {
			isa = XCConfigurationList;
			buildConfigurations = (
				CE54CD172DB21BED0008311B /* Debug */,
				CE54CD182DB21BED0008311B /* Release */,
			);
			defaultConfigurationIsVisible = 0;
			defaultConfigurationName = Release;
		};
		CE54CD192DB21BED0008311B /* Build configuration list for PBXNativeTarget "WhichBinTests" */ = {
			isa = XCConfigurationList;
			buildConfigurations = (
				CE54CD1A2DB21BED0008311B /* Debug */,
				CE54CD1B2DB21BED0008311B /* Release */,
			);
			defaultConfigurationIsVisible = 0;
			defaultConfigurationName = Release;
		};
		CE54CD1C2DB21BED0008311B /* Build configuration list for PBXNativeTarget "WhichBinUITests" */ = {
			isa = XCConfigurationList;
			buildConfigurations = (
				CE54CD1D2DB21BED0008311B /* Debug */,
				CE54CD1E2DB21BED0008311B /* Release */,
			);
			defaultConfigurationIsVisible = 0;
			defaultConfigurationName = Release;
		};
/* End XCConfigurationList section */

/* Begin XCRemoteSwiftPackageReference section */
		703AD62E2E6A6251007BF15E /* XCRemoteSwiftPackageReference "SwiftLocation" */ = {
			isa = XCRemoteSwiftPackageReference;
			repositoryURL = "https://github.com/RustyKnight/SwiftLocation";
			requirement = {
				branch = master;
				kind = branch;
			};
		};
		70587EC52E7E531F00C55B56 /* XCRemoteSwiftPackageReference "Cadmus" */ = {
			isa = XCRemoteSwiftPackageReference;
			repositoryURL = "https://github.com/RustyKnight/Cadmus";
			requirement = {
				kind = upToNextMajorVersion;
				minimumVersion = 3.0.0;
			};
		};
		708B07552E75224E00C5C006 /* XCRemoteSwiftPackageReference "swift-markdown-ui" */ = {
			isa = XCRemoteSwiftPackageReference;
			repositoryURL = "https://github.com/gonzalezreal/swift-markdown-ui";
			requirement = {
				kind = upToNextMajorVersion;
				minimumVersion = 2.4.1;
			};
		};
		CEBF5E522DB35026001D8D66 /* XCRemoteSwiftPackageReference "CoreExtensions" */ = {
			isa = XCRemoteSwiftPackageReference;
			repositoryURL = "https://github.com/RustyKnight/CoreExtensions";
			requirement = {
				branch = master;
				kind = branch;
			};
		};
/* End XCRemoteSwiftPackageReference section */

/* Begin XCSwiftPackageProductDependency section */
		703AD6792E6A6AD4007BF15E /* SwiftLocation */ = {
			isa = XCSwiftPackageProductDependency;
			package = 703AD62E2E6A6251007BF15E /* XCRemoteSwiftPackageReference "SwiftLocation" */;
			productName = SwiftLocation;
		};
		70587EC12E7E530A00C55B56 /* CoreExtensions */ = {
			isa = XCSwiftPackageProductDependency;
			package = CEBF5E522DB35026001D8D66 /* XCRemoteSwiftPackageReference "CoreExtensions" */;
			productName = CoreExtensions;
		};
		70587EC32E7E530A00C55B56 /* SwiftLocation */ = {
			isa = XCSwiftPackageProductDependency;
			package = 703AD62E2E6A6251007BF15E /* XCRemoteSwiftPackageReference "SwiftLocation" */;
			productName = SwiftLocation;
		};
		70587EC62E7E533200C55B56 /* Cadmus */ = {
			isa = XCSwiftPackageProductDependency;
			package = 70587EC52E7E531F00C55B56 /* XCRemoteSwiftPackageReference "Cadmus" */;
			productName = Cadmus;
		};
		70587EC82E7E534100C55B56 /* Cadmus */ = {
			isa = XCSwiftPackageProductDependency;
			package = 70587EC52E7E531F00C55B56 /* XCRemoteSwiftPackageReference "Cadmus" */;
			productName = Cadmus;
		};
		708B07562E75226500C5C006 /* MarkdownUI */ = {
			isa = XCSwiftPackageProductDependency;
			package = 708B07552E75224E00C5C006 /* XCRemoteSwiftPackageReference "swift-markdown-ui" */;
			productName = MarkdownUI;
		};
		70DC30002E88C3E200A9D363 /* WhichBinDataSourceLib */ = {
			isa = XCSwiftPackageProductDependency;
			productName = WhichBinDataSourceLib;
		};
		70DC30022E88C3E200A9D363 /* WhichBinLib */ = {
			isa = XCSwiftPackageProductDependency;
			productName = WhichBinLib;
		};
		70DC30082E88C59400A9D363 /* WhichBinDataSourceLib */ = {
			isa = XCSwiftPackageProductDependency;
			productName = WhichBinDataSourceLib;
		};
		70DC300A2E88C59400A9D363 /* WhichBinLib */ = {
			isa = XCSwiftPackageProductDependency;
			productName = WhichBinLib;
		};
		70DC300E2E88D23200A9D363 /* WhichBinMapKitLib */ = {
			isa = XCSwiftPackageProductDependency;
			productName = WhichBinMapKitLib;
		};
		70DC30102E88D23900A9D363 /* WhichBinMapKitLib */ = {
			isa = XCSwiftPackageProductDependency;
			productName = WhichBinMapKitLib;
		};
		CEBF5E532DB35032001D8D66 /* CoreExtensions */ = {
			isa = XCSwiftPackageProductDependency;
			package = CEBF5E522DB35026001D8D66 /* XCRemoteSwiftPackageReference "CoreExtensions" */;
			productName = CoreExtensions;
		};
/* End XCSwiftPackageProductDependency section */
	};
	rootObject = CE54CCE92DB21BEB0008311B /* Project object */;
}
