// !$*UTF8*$!
{
	archiveVersion = 1;
	classes = {
	};
	objectVersion = 77;
	objects = {

/* Begin PBXBuildFile section */
		CEBF5E3F2DB2213E001D8D66 /* WhichBinMapKitLib in Frameworks */ = {isa = PBXBuildFile; productRef = CEBF5E3E2DB2213E001D8D66 /* WhichBinMapKitLib */; };
		CEBF5E542DB35032001D8D66 /* CoreExtensions in Frameworks */ = {isa = PBXBuildFile; productRef = CEBF5E532DB35032001D8D66 /* CoreExtensions */; };
/* End PBXBuildFile section */

/* Begin PBXContainerItemProxy section */
		CE54CD032DB21BED0008311B /* PBXContainerItemProxy */ = {
			isa = PBXContainerItemProxy;
			containerPortal = CE54CCE92DB21BEB0008311B /* Project object */;
			proxyType = 1;
			remoteGlobalIDString = CE54CCF02DB21BEB0008311B;
			remoteInfo = WhichBin;
		};
		CE54CD0D2DB21BED0008311B /* PBXContainerItemProxy */ = {
			isa = PBXContainerItemProxy;
			containerPortal = CE54CCE92DB21BEB0008311B /* Project object */;
			proxyType = 1;
			remoteGlobalIDString = CE54CCF02DB21BEB0008311B;
			remoteInfo = WhichBin;
		};
/* End PBXContainerItemProxy section */

/* Begin PBXFileReference section */
		CE54CCF12DB21BEB0008311B /* WhichBin.app */ = {isa = PBXFileReference; explicitFileType = wrapper.application; includeInIndex = 0; path = WhichBin.app; sourceTree = BUILT_PRODUCTS_DIR; };
		CE54CD022DB21BED0008311B /* WhichBinTests.xctest */ = {isa = PBXFileReference; explicitFileType = wrapper.cfbundle; includeInIndex = 0; path = WhichBinTests.xctest; sourceTree = BUILT_PRODUCTS_DIR; };
		CE54CD0C2DB21BED0008311B /* WhichBinUITests.xctest */ = {isa = PBXFileReference; explicitFileType = wrapper.cfbundle; includeInIndex = 0; path = WhichBinUITests.xctest; sourceTree = BUILT_PRODUCTS_DIR; };
/* End PBXFileReference section */

/* Begin PBXFileSystemSynchronizedRootGroup section */
		CE54CCF32DB21BEB0008311B /* WhichBin */ = {
			isa = PBXFileSystemSynchronizedRootGroup;
			path = WhichBin;
			sourceTree = "<group>";
		};
		CE54CD052DB21BED0008311B /* WhichBinTests */ = {
			isa = PBXFileSystemSynchronizedRootGroup;
			path = WhichBinTests;
			sourceTree = "<group>";
		};
		CE54CD0F2DB21BED0008311B /* WhichBinUITests */ = {
			isa = PBXFileSystemSynchronizedRootGroup;
			path = WhichBinUITests;
			sourceTree = "<group>";
		};
/* End PBXFileSystemSynchronizedRootGroup section */

/* Begin PBXFrameworksBuildPhase section */
		CE54CCEE2DB21BEB0008311B /* Frameworks */ = {
			isa = PBXFrameworksBuildPhase;
			buildActionMask = 2147483647;
			files = (
				CEBF5E3F2DB2213E001D8D66 /* WhichBinMapKitLib in Frameworks */,
				CEBF5E542DB35032001D8D66 /* CoreExtensions in Frameworks */,
			);
			runOnlyForDeploymentPostprocessing = 0;
		};
		CE54CCFF2DB21BED0008311B /* Frameworks */ = {
			isa = PBXFrameworksBuildPhase;
			buildActionMask = 2147483647;
			files = (
			);
			runOnlyForDeploymentPostprocessing = 0;
		};
		CE54CD092DB21BED0008311B /* Frameworks */ = {
			isa = PBXFrameworksBuildPhase;
			buildActionMask = 2147483647;
			files = (
			);
			runOnlyForDeploymentPostprocessing = 0;
		};
/* End PBXFrameworksBuildPhase section */

/* Begin PBXGroup section */
		CE54CCE82DB21BEB0008311B = {
			isa = PBXGroup;
			children = (
				CE54CCF32DB21BEB0008311B /* WhichBin */,
				CE54CD052DB21BED0008311B /* WhichBinTests */,
				CE54CD0F2DB21BED0008311B /* WhichBinUITests */,
				CEBF5E3D2DB2213E001D8D66 /* Frameworks */,
				CE54CCF22DB21BEB0008311B /* Products */,
			);
			sourceTree = "<group>";
		};
		CE54CCF22DB21BEB0008311B /* Products */ = {
			isa = PBXGroup;
			children = (
				CE54CCF12DB21BEB0008311B /* WhichBin.app */,
				CE54CD022DB21BED0008311B /* WhichBinTests.xctest */,
				CE54CD0C2DB21BED0008311B /* WhichBinUITests.xctest */,
			);
			name = Products;
			sourceTree = "<group>";
		};
		CEBF5E3D2DB2213E001D8D66 /* Frameworks */ = {
			isa = PBXGroup;
			children = (
			);
			name = Frameworks;
			sourceTree = "<group>";
		};
/* End PBXGroup section */

/* Begin PBXNativeTarget section */
		CE54CCF02DB21BEB0008311B /* WhichBin */ = {
			isa = PBXNativeTarget;
			buildConfigurationList = CE54CD162DB21BED0008311B /* Build configuration list for PBXNativeTarget "WhichBin" */;
			buildPhases = (
				CE54CCED2DB21BEB0008311B /* Sources */,
				CE54CCEE2DB21BEB0008311B /* Frameworks */,
				CE54CCEF2DB21BEB0008311B /* Resources */,
			);
			buildRules = (
			);
			dependencies = (
			);
			fileSystemSynchronizedGroups = (
				CE54CCF32DB21BEB0008311B /* WhichBin */,
			);
			name = WhichBin;
			packageProductDependencies = (
				CEBF5E3E2DB2213E001D8D66 /* WhichBinMapKitLib */,
				CEBF5E532DB35032001D8D66 /* CoreExtensions */,
			);
			productName = WhichBin;
			productReference = CE54CCF12DB21BEB0008311B /* WhichBin.app */;
			productType = "com.apple.product-type.application";
		};
		CE54CD012DB21BED0008311B /* WhichBinTests */ = {
			isa = PBXNativeTarget;
			buildConfigurationList = CE54CD192DB21BED0008311B /* Build configuration list for PBXNativeTarget "WhichBinTests" */;
			buildPhases = (
				CE54CCFE2DB21BED0008311B /* Sources */,
				CE54CCFF2DB21BED0008311B /* Frameworks */,
				CE54CD002DB21BED0008311B /* Resources */,
			);
			buildRules = (
			);
			dependencies = (
				CE54CD042DB21BED0008311B /* PBXTargetDependency */,
			);
			fileSystemSynchronizedGroups = (
				CE54CD052DB21BED0008311B /* WhichBinTests */,
			);
			name = WhichBinTests;
			packageProductDependencies = (
			);
			productName = WhichBinTests;
			productReference = CE54CD022DB21BED0008311B /* WhichBinTests.xctest */;
			productType = "com.apple.product-type.bundle.unit-test";
		};
		CE54CD0B2DB21BED0008311B /* WhichBinUITests */ = {
			isa = PBXNativeTarget;
			buildConfigurationList = CE54CD1C2DB21BED0008311B /* Build configuration list for PBXNativeTarget "WhichBinUITests" */;
			buildPhases = (
				CE54CD082DB21BED0008311B /* Sources */,
				CE54CD092DB21BED0008311B /* Frameworks */,
				CE54CD0A2DB21BED0008311B /* Resources */,
			);
			buildRules = (
			);
			dependencies = (
				CE54CD0E2DB21BED0008311B /* PBXTargetDependency */,
			);
			fileSystemSynchronizedGroups = (
				CE54CD0F2DB21BED0008311B /* WhichBinUITests */,
			);
			name = WhichBinUITests;
			packageProductDependencies = (
			);
			productName = WhichBinUITests;
			productReference = CE54CD0C2DB21BED0008311B /* WhichBinUITests.xctest */;
			productType = "com.apple.product-type.bundle.ui-testing";
		};
/* End PBXNativeTarget section */

/* Begin PBXProject section */
		CE54CCE92DB21BEB0008311B /* Project object */ = {
			isa = PBXProject;
			attributes = {
				BuildIndependentTargetsInParallel = 1;
				LastSwiftUpdateCheck = 1620;
				LastUpgradeCheck = 1620;
				TargetAttributes = {
					CE54CCF02DB21BEB0008311B = {
						CreatedOnToolsVersion = 16.2;
					};
					CE54CD012DB21BED0008311B = {
						CreatedOnToolsVersion = 16.2;
						TestTargetID = CE54CCF02DB21BEB0008311B;
					};
					CE54CD0B2DB21BED0008311B = {
						CreatedOnToolsVersion = 16.2;
						TestTargetID = CE54CCF02DB21BEB0008311B;
					};
				};
			};
			buildConfigurationList = CE54CCEC2DB21BEB0008311B /* Build configuration list for PBXProject "WhichBin" */;
			developmentRegion = en;
			hasScannedForEncodings = 0;
			knownRegions = (
				en,
				Base,
			);
			mainGroup = CE54CCE82DB21BEB0008311B;
			minimizedProjectReferenceProxies = 1;
			packageReferences = (
				CEBF5E3C2DB22129001D8D66 /* XCRemoteSwiftPackageReference "WhichBinMapKitLib" */,
				CEBF5E522DB35026001D8D66 /* XCRemoteSwiftPackageReference "CoreExtensions" */,
			);
			preferredProjectObjectVersion = 77;
			productRefGroup = CE54CCF22DB21BEB0008311B /* Products */;
			projectDirPath = "";
			projectRoot = "";
			targets = (
				CE54CCF02DB21BEB0008311B /* WhichBin */,
				CE54CD012DB21BED0008311B /* WhichBinTests */,
				CE54CD0B2DB21BED0008311B /* WhichBinUITests */,
			);
		};
/* End PBXProject section */

/* Begin PBXResourcesBuildPhase section */
		CE54CCEF2DB21BEB0008311B /* Resources */ = {
			isa = PBXResourcesBuildPhase;
			buildActionMask = 2147483647;
			files = (
			);
			runOnlyForDeploymentPostprocessing = 0;
		};
		CE54CD002DB21BED0008311B /* Resources */ = {
			isa = PBXResourcesBuildPhase;
			buildActionMask = 2147483647;
			files = (
			);
			runOnlyForDeploymentPostprocessing = 0;
		};
		CE54CD0A2DB21BED0008311B /* Resources */ = {
			isa = PBXResourcesBuildPhase;
			buildActionMask = 2147483647;
			files = (
			);
			runOnlyForDeploymentPostprocessing = 0;
		};
/* End PBXResourcesBuildPhase section */

/* Begin PBXSourcesBuildPhase section */
		CE54CCED2DB21BEB0008311B /* Sources */ = {
			isa = PBXSourcesBuildPhase;
			buildActionMask = 2147483647;
			files = (
			);
			runOnlyForDeploymentPostprocessing = 0;
		};
		CE54CCFE2DB21BED0008311B /* Sources */ = {
			isa = PBXSourcesBuildPhase;
			buildActionMask = 2147483647;
			files = (
			);
			runOnlyForDeploymentPostprocessing = 0;
		};
		CE54CD082DB21BED0008311B /* Sources */ = {
			isa = PBXSourcesBuildPhase;
			buildActionMask = 2147483647;
			files = (
			);
			runOnlyForDeploymentPostprocessing = 0;
		};
/* End PBXSourcesBuildPhase section */

/* Begin PBXTargetDependency section */
		CE54CD042DB21BED0008311B /* PBXTargetDependency */ = {
			isa = PBXTargetDependency;
			target = CE54CCF02DB21BEB0008311B /* WhichBin */;
			targetProxy = CE54CD032DB21BED0008311B /* PBXContainerItemProxy */;
		};
		CE54CD0E2DB21BED0008311B /* PBXTargetDependency */ = {
			isa = PBXTargetDependency;
			target = CE54CCF02DB21BEB0008311B /* WhichBin */;
			targetProxy = CE54CD0D2DB21BED0008311B /* PBXContainerItemProxy */;
		};
/* End PBXTargetDependency section */

/* Begin XCBuildConfiguration section */
		CE54CD142DB21BED0008311B /* Debug */ = {
			isa = XCBuildConfiguration;
			buildSettings = {
				ALWAYS_SEARCH_USER_PATHS = NO;
				ASSETCATALOG_COMPILER_GENERATE_SWIFT_ASSET_SYMBOL_EXTENSIONS = YES;
				CLANG_ANALYZER_NONNULL = YES;
				CLANG_ANALYZER_NUMBER_OBJECT_CONVERSION = YES_AGGRESSIVE;
				CLANG_CXX_LANGUAGE_STANDARD = "gnu++20";
				CLANG_ENABLE_MODULES = YES;
				CLANG_ENABLE_OBJC_ARC = YES;
				CLANG_ENABLE_OBJC_WEAK = YES;
				CLANG_WARN_BLOCK_CAPTURE_AUTORELEASING = YES;
				CLANG_WARN_BOOL_CONVERSION = YES;
				CLANG_WARN_COMMA = YES;
				CLANG_WARN_CONSTANT_CONVERSION = YES;
				CLANG_WARN_DEPRECATED_OBJC_IMPLEMENTATIONS = YES;
				CLANG_WARN_DIRECT_OBJC_ISA_USAGE = YES_ERROR;
				CLANG_WARN_DOCUMENTATION_COMMENTS = YES;
				CLANG_WARN_EMPTY_BODY = YES;
				CLANG_WARN_ENUM_CONVERSION = YES;
				CLANG_WARN_INFINITE_RECURSION = YES;
				CLANG_WARN_INT_CONVERSION = YES;
				CLANG_WARN_NON_LITERAL_NULL_CONVERSION = YES;
				CLANG_WARN_OBJC_IMPLICIT_RETAIN_SELF = YES;
				CLANG_WARN_OBJC_LITERAL_CONVERSION = YES;
				CLANG_WARN_OBJC_ROOT_CLASS = YES_ERROR;
				CLANG_WARN_QUOTED_INCLUDE_IN_FRAMEWORK_HEADER = YES;
				CLANG_WARN_RANGE_LOOP_ANALYSIS = YES;
				CLANG_WARN_STRICT_PROTOTYPES = YES;
				CLANG_WARN_SUSPICIOUS_MOVE = YES;
				CLANG_WARN_UNGUARDED_AVAILABILITY = YES_AGGRESSIVE;
				CLANG_WARN_UNREACHABLE_CODE = YES;
				CLANG_WARN__DUPLICATE_METHOD_MATCH = YES;
				COPY_PHASE_STRIP = NO;
				DEBUG_INFORMATION_FORMAT = dwarf;
				ENABLE_STRICT_OBJC_MSGSEND = YES;
				ENABLE_TESTABILITY = YES;
				ENABLE_USER_SCRIPT_SANDBOXING = YES;
				GCC_C_LANGUAGE_STANDARD = gnu17;
				GCC_DYNAMIC_NO_PIC = NO;
				GCC_NO_COMMON_BLOCKS = YES;
				GCC_OPTIMIZATION_LEVEL = 0;
				GCC_PREPROCESSOR_DEFINITIONS = (
					"DEBUG=1",
					"$(inherited)",
				);
				GCC_WARN_64_TO_32_BIT_CONVERSION = YES;
				GCC_WARN_ABOUT_RETURN_TYPE = YES_ERROR;
				GCC_WARN_UNDECLARED_SELECTOR = YES;
				GCC_WARN_UNINITIALIZED_AUTOS = YES_AGGRESSIVE;
				GCC_WARN_UNUSED_FUNCTION = YES;
				GCC_WARN_UNUSED_VARIABLE = YES;
				LOCALIZATION_PREFERS_STRING_CATALOGS = YES;
				MTL_ENABLE_DEBUG_INFO = INCLUDE_SOURCE;
				MTL_FAST_MATH = YES;
				ONLY_ACTIVE_ARCH = YES;
				SWIFT_ACTIVE_COMPILATION_CONDITIONS = "DEBUG $(inherited)";
				SWIFT_OPTIMIZATION_LEVEL = "-Onone";
			};
			name = Debug;
		};
		CE54CD152DB21BED0008311B /* Release */ = {
			isa = XCBuildConfiguration;
			buildSettings = {
				ALWAYS_SEARCH_USER_PATHS = NO;
				ASSETCATALOG_COMPILER_GENERATE_SWIFT_ASSET_SYMBOL_EXTENSIONS = YES;
				CLANG_ANALYZER_NONNULL = YES;
				CLANG_ANALYZER_NUMBER_OBJECT_CONVERSION = YES_AGGRESSIVE;
				CLANG_CXX_LANGUAGE_STANDARD = "gnu++20";
				CLANG_ENABLE_MODULES = YES;
				CLANG_ENABLE_OBJC_ARC = YES;
				CLANG_ENABLE_OBJC_WEAK = YES;
				CLANG_WARN_BLOCK_CAPTURE_AUTORELEASING = YES;
				CLANG_WARN_BOOL_CONVERSION = YES;
				CLANG_WARN_COMMA = YES;
				CLANG_WARN_CONSTANT_CONVERSION = YES;
				CLANG_WARN_DEPRECATED_OBJC_IMPLEMENTATIONS = YES;
				CLANG_WARN_DIRECT_OBJC_ISA_USAGE = YES_ERROR;
				CLANG_WARN_DOCUMENTATION_COMMENTS = YES;
				CLANG_WARN_EMPTY_BODY = YES;
				CLANG_WARN_ENUM_CONVERSION = YES;
				CLANG_WARN_INFINITE_RECURSION = YES;
				CLANG_WARN_INT_CONVERSION = YES;
				CLANG_WARN_NON_LITERAL_NULL_CONVERSION = YES;
				CLANG_WARN_OBJC_IMPLICIT_RETAIN_SELF = YES;
				CLANG_WARN_OBJC_LITERAL_CONVERSION = YES;
				CLANG_WARN_OBJC_ROOT_CLASS = YES_ERROR;
				CLANG_WARN_QUOTED_INCLUDE_IN_FRAMEWORK_HEADER = YES;
				CLANG_WARN_RANGE_LOOP_ANALYSIS = YES;
				CLANG_WARN_STRICT_PROTOTYPES = YES;
				CLANG_WARN_SUSPICIOUS_MOVE = YES;
				CLANG_WARN_UNGUARDED_AVAILABILITY = YES_AGGRESSIVE;
				CLANG_WARN_UNREACHABLE_CODE = YES;
				CLANG_WARN__DUPLICATE_METHOD_MATCH = YES;
				COPY_PHASE_STRIP = NO;
				DEBUG_INFORMATION_FORMAT = "dwarf-with-dsym";
				ENABLE_NS_ASSERTIONS = NO;
				ENABLE_STRICT_OBJC_MSGSEND = YES;
				ENABLE_USER_SCRIPT_SANDBOXING = YES;
				GCC_C_LANGUAGE_STANDARD = gnu17;
				GCC_NO_COMMON_BLOCKS = YES;
				GCC_WARN_64_TO_32_BIT_CONVERSION = YES;
				GCC_WARN_ABOUT_RETURN_TYPE = YES_ERROR;
				GCC_WARN_UNDECLARED_SELECTOR = YES;
				GCC_WARN_UNINITIALIZED_AUTOS = YES_AGGRESSIVE;
				GCC_WARN_UNUSED_FUNCTION = YES;
				GCC_WARN_UNUSED_VARIABLE = YES;
				LOCALIZATION_PREFERS_STRING_CATALOGS = YES;
				MTL_ENABLE_DEBUG_INFO = NO;
				MTL_FAST_MATH = YES;
				SWIFT_COMPILATION_MODE = wholemodule;
			};
			name = Release;
		};
		CE54CD172DB21BED0008311B /* Debug */ = {
			isa = XCBuildConfiguration;
			buildSettings = {
				ASSETCATALOG_COMPILER_APPICON_NAME = AppIcon;
				ASSETCATALOG_COMPILER_GLOBAL_ACCENT_COLOR_NAME = AccentColor;
				CODE_SIGN_ENTITLEMENTS = WhichBin/WhichBin.entitlements;
				CODE_SIGN_STYLE = Automatic;
				CURRENT_PROJECT_VERSION = 1;
				DEVELOPMENT_ASSET_PATHS = "\"WhichBin/Preview Content\"";
				DEVELOPMENT_TEAM = YWXH886EY3;
				ENABLE_PREVIEWS = YES;
				GENERATE_INFOPLIST_FILE = YES;
				"INFOPLIST_KEY_UIApplicationSceneManifest_Generation[sdk=iphoneos*]" = YES;
				"INFOPLIST_KEY_UIApplicationSceneManifest_Generation[sdk=iphonesimulator*]" = YES;
				"INFOPLIST_KEY_UIApplicationSupportsIndirectInputEvents[sdk=iphoneos*]" = YES;
				"INFOPLIST_KEY_UIApplicationSupportsIndirectInputEvents[sdk=iphonesimulator*]" = YES;
				"INFOPLIST_KEY_UILaunchScreen_Generation[sdk=iphoneos*]" = YES;
				"INFOPLIST_KEY_UILaunchScreen_Generation[sdk=iphonesimulator*]" = YES;
				"INFOPLIST_KEY_UIStatusBarStyle[sdk=iphoneos*]" = UIStatusBarStyleDefault;
				"INFOPLIST_KEY_UIStatusBarStyle[sdk=iphonesimulator*]" = UIStatusBarStyleDefault;
				INFOPLIST_KEY_UISupportedInterfaceOrientations_iPad = "UIInterfaceOrientationPortrait UIInterfaceOrientationPortraitUpsideDown UIInterfaceOrientationLandscapeLeft UIInterfaceOrientationLandscapeRight";
				INFOPLIST_KEY_UISupportedInterfaceOrientations_iPhone = "UIInterfaceOrientationPortrait UIInterfaceOrientationLandscapeLeft UIInterfaceOrientationLandscapeRight";
				IPHONEOS_DEPLOYMENT_TARGET = 18.2;
				LD_RUNPATH_SEARCH_PATHS = "@executable_path/Frameworks";
				"LD_RUNPATH_SEARCH_PATHS[sdk=macosx*]" = "@executable_path/../Frameworks";
				MACOSX_DEPLOYMENT_TARGET = 15.2;
				MARKETING_VERSION = 1.0;
				PRODUCT_BUNDLE_IDENTIFIER = org.kaizen.WhichBin;
				PRODUCT_NAME = "$(TARGET_NAME)";
				SDKROOT = auto;
				SUPPORTED_PLATFORMS = "iphoneos iphonesimulator macosx xros xrsimulator";
				SWIFT_EMIT_LOC_STRINGS = YES;
				SWIFT_VERSION = 5.0;
				TARGETED_DEVICE_FAMILY = "1,2,7";
				XROS_DEPLOYMENT_TARGET = 2.2;
			};
			name = Debug;
		};
		CE54CD182DB21BED0008311B /* Release */ = {
			isa = XCBuildConfiguration;
			buildSettings = {
				ASSETCATALOG_COMPILER_APPICON_NAME = AppIcon;
				ASSETCATALOG_COMPILER_GLOBAL_ACCENT_COLOR_NAME = AccentColor;
				CODE_SIGN_ENTITLEMENTS = WhichBin/WhichBin.entitlements;
				CODE_SIGN_STYLE = Automatic;
				CURRENT_PROJECT_VERSION = 1;
				DEVELOPMENT_ASSET_PATHS = "\"WhichBin/Preview Content\"";
				DEVELOPMENT_TEAM = YWXH886EY3;
				ENABLE_PREVIEWS = YES;
				GENERATE_INFOPLIST_FILE = YES;
				"INFOPLIST_KEY_UIApplicationSceneManifest_Generation[sdk=iphoneos*]" = YES;
				"INFOPLIST_KEY_UIApplicationSceneManifest_Generation[sdk=iphonesimulator*]" = YES;
				"INFOPLIST_KEY_UIApplicationSupportsIndirectInputEvents[sdk=iphoneos*]" = YES;
				"INFOPLIST_KEY_UIApplicationSupportsIndirectInputEvents[sdk=iphonesimulator*]" = YES;
				"INFOPLIST_KEY_UILaunchScreen_Generation[sdk=iphoneos*]" = YES;
				"INFOPLIST_KEY_UILaunchScreen_Generation[sdk=iphonesimulator*]" = YES;
				"INFOPLIST_KEY_UIStatusBarStyle[sdk=iphoneos*]" = UIStatusBarStyleDefault;
				"INFOPLIST_KEY_UIStatusBarStyle[sdk=iphonesimulator*]" = UIStatusBarStyleDefault;
				INFOPLIST_KEY_UISupportedInterfaceOrientations_iPad = "UIInterfaceOrientationPortrait UIInterfaceOrientationPortraitUpsideDown UIInterfaceOrientationLandscapeLeft UIInterfaceOrientationLandscapeRight";
				INFOPLIST_KEY_UISupportedInterfaceOrientations_iPhone = "UIInterfaceOrientationPortrait UIInterfaceOrientationLandscapeLeft UIInterfaceOrientationLandscapeRight";
				IPHONEOS_DEPLOYMENT_TARGET = 18.2;
				LD_RUNPATH_SEARCH_PATHS = "@executable_path/Frameworks";
				"LD_RUNPATH_SEARCH_PATHS[sdk=macosx*]" = "@executable_path/../Frameworks";
				MACOSX_DEPLOYMENT_TARGET = 15.2;
				MARKETING_VERSION = 1.0;
				PRODUCT_BUNDLE_IDENTIFIER = org.kaizen.WhichBin;
				PRODUCT_NAME = "$(TARGET_NAME)";
				SDKROOT = auto;
				SUPPORTED_PLATFORMS = "iphoneos iphonesimulator macosx xros xrsimulator";
				SWIFT_EMIT_LOC_STRINGS = YES;
				SWIFT_VERSION = 5.0;
				TARGETED_DEVICE_FAMILY = "1,2,7";
				XROS_DEPLOYMENT_TARGET = 2.2;
			};
			name = Release;
		};
		CE54CD1A2DB21BED0008311B /* Debug */ = {
			isa = XCBuildConfiguration;
			buildSettings = {
				BUNDLE_LOADER = "$(TEST_HOST)";
				CODE_SIGN_STYLE = Automatic;
				CURRENT_PROJECT_VERSION = 1;
				GENERATE_INFOPLIST_FILE = YES;
				IPHONEOS_DEPLOYMENT_TARGET = 18.2;
				MACOSX_DEPLOYMENT_TARGET = 15.2;
				MARKETING_VERSION = 1.0;
				PRODUCT_BUNDLE_IDENTIFIER = org.kaizen.WhichBinTests;
				PRODUCT_NAME = "$(TARGET_NAME)";
				SDKROOT = auto;
				SUPPORTED_PLATFORMS = "iphoneos iphonesimulator macosx xros xrsimulator";
				SWIFT_EMIT_LOC_STRINGS = NO;
				SWIFT_VERSION = 5.0;
				TARGETED_DEVICE_FAMILY = "1,2,7";
				TEST_HOST = "$(BUILT_PRODUCTS_DIR)/WhichBin.app/$(BUNDLE_EXECUTABLE_FOLDER_PATH)/WhichBin";
				XROS_DEPLOYMENT_TARGET = 2.2;
			};
			name = Debug;
		};
		CE54CD1B2DB21BED0008311B /* Release */ = {
			isa = XCBuildConfiguration;
			buildSettings = {
				BUNDLE_LOADER = "$(TEST_HOST)";
				CODE_SIGN_STYLE = Automatic;
				CURRENT_PROJECT_VERSION = 1;
				GENERATE_INFOPLIST_FILE = YES;
				IPHONEOS_DEPLOYMENT_TARGET = 18.2;
				MACOSX_DEPLOYMENT_TARGET = 15.2;
				MARKETING_VERSION = 1.0;
				PRODUCT_BUNDLE_IDENTIFIER = org.kaizen.WhichBinTests;
				PRODUCT_NAME = "$(TARGET_NAME)";
				SDKROOT = auto;
				SUPPORTED_PLATFORMS = "iphoneos iphonesimulator macosx xros xrsimulator";
				SWIFT_EMIT_LOC_STRINGS = NO;
				SWIFT_VERSION = 5.0;
				TARGETED_DEVICE_FAMILY = "1,2,7";
				TEST_HOST = "$(BUILT_PRODUCTS_DIR)/WhichBin.app/$(BUNDLE_EXECUTABLE_FOLDER_PATH)/WhichBin";
				XROS_DEPLOYMENT_TARGET = 2.2;
			};
			name = Release;
		};
		CE54CD1D2DB21BED0008311B /* Debug */ = {
			isa = XCBuildConfiguration;
			buildSettings = {
				CODE_SIGN_STYLE = Automatic;
				CURRENT_PROJECT_VERSION = 1;
				GENERATE_INFOPLIST_FILE = YES;
				IPHONEOS_DEPLOYMENT_TARGET = 18.2;
				MACOSX_DEPLOYMENT_TARGET = 15.2;
				MARKETING_VERSION = 1.0;
				PRODUCT_BUNDLE_IDENTIFIER = org.kaizen.WhichBinUITests;
				PRODUCT_NAME = "$(TARGET_NAME)";
				SDKROOT = auto;
				SUPPORTED_PLATFORMS = "iphoneos iphonesimulator macosx xros xrsimulator";
				SWIFT_EMIT_LOC_STRINGS = NO;
				SWIFT_VERSION = 5.0;
				TARGETED_DEVICE_FAMILY = "1,2,7";
				TEST_TARGET_NAME = WhichBin;
				XROS_DEPLOYMENT_TARGET = 2.2;
			};
			name = Debug;
		};
		CE54CD1E2DB21BED0008311B /* Release */ = {
			isa = XCBuildConfiguration;
			buildSettings = {
				CODE_SIGN_STYLE = Automatic;
				CURRENT_PROJECT_VERSION = 1;
				GENERATE_INFOPLIST_FILE = YES;
				IPHONEOS_DEPLOYMENT_TARGET = 18.2;
				MACOSX_DEPLOYMENT_TARGET = 15.2;
				MARKETING_VERSION = 1.0;
				PRODUCT_BUNDLE_IDENTIFIER = org.kaizen.WhichBinUITests;
				PRODUCT_NAME = "$(TARGET_NAME)";
				SDKROOT = auto;
				SUPPORTED_PLATFORMS = "iphoneos iphonesimulator macosx xros xrsimulator";
				SWIFT_EMIT_LOC_STRINGS = NO;
				SWIFT_VERSION = 5.0;
				TARGETED_DEVICE_FAMILY = "1,2,7";
				TEST_TARGET_NAME = WhichBin;
				XROS_DEPLOYMENT_TARGET = 2.2;
			};
			name = Release;
		};
/* End XCBuildConfiguration section */

/* Begin XCConfigurationList section */
		CE54CCEC2DB21BEB0008311B /* Build configuration list for PBXProject "WhichBin" */ = {
			isa = XCConfigurationList;
			buildConfigurations = (
				CE54CD142DB21BED0008311B /* Debug */,
				CE54CD152DB21BED0008311B /* Release */,
			);
			defaultConfigurationIsVisible = 0;
			defaultConfigurationName = Release;
		};
		CE54CD162DB21BED0008311B /* Build configuration list for PBXNativeTarget "WhichBin" */ = {
			isa = XCConfigurationList;
			buildConfigurations = (
				CE54CD172DB21BED0008311B /* Debug */,
				CE54CD182DB21BED0008311B /* Release */,
			);
			defaultConfigurationIsVisible = 0;
			defaultConfigurationName = Release;
		};
		CE54CD192DB21BED0008311B /* Build configuration list for PBXNativeTarget "WhichBinTests" */ = {
			isa = XCConfigurationList;
			buildConfigurations = (
				CE54CD1A2DB21BED0008311B /* Debug */,
				CE54CD1B2DB21BED0008311B /* Release */,
			);
			defaultConfigurationIsVisible = 0;
			defaultConfigurationName = Release;
		};
		CE54CD1C2DB21BED0008311B /* Build configuration list for PBXNativeTarget "WhichBinUITests" */ = {
			isa = XCConfigurationList;
			buildConfigurations = (
				CE54CD1D2DB21BED0008311B /* Debug */,
				CE54CD1E2DB21BED0008311B /* Release */,
			);
			defaultConfigurationIsVisible = 0;
			defaultConfigurationName = Release;
		};
/* End XCConfigurationList section */

/* Begin XCRemoteSwiftPackageReference section */
		CEBF5E3C2DB22129001D8D66 /* XCRemoteSwiftPackageReference "WhichBinMapKitLib" */ = {
			isa = XCRemoteSwiftPackageReference;
			repositoryURL = "https://github.com/RustyKnight/WhichBinMapKitLib";
			requirement = {
				branch = main;
				kind = branch;
			};
		};
		CEBF5E522DB35026001D8D66 /* XCRemoteSwiftPackageReference "CoreExtensions" */ = {
			isa = XCRemoteSwiftPackageReference;
			repositoryURL = "https://github.com/RustyKnight/CoreExtensions";
			requirement = {
				kind = upToNextMajorVersion;
				minimumVersion = 1.0.14;
			};
		};
/* End XCRemoteSwiftPackageReference section */

/* Begin XCSwiftPackageProductDependency section */
		CEBF5E3E2DB2213E001D8D66 /* WhichBinMapKitLib */ = {
			isa = XCSwiftPackageProductDependency;
			package = CEBF5E3C2DB22129001D8D66 /* XCRemoteSwiftPackageReference "WhichBinMapKitLib" */;
			productName = WhichBinMapKitLib;
		};
		CEBF5E532DB35032001D8D66 /* CoreExtensions */ = {
			isa = XCSwiftPackageProductDependency;
			package = CEBF5E522DB35026001D8D66 /* XCRemoteSwiftPackageReference "CoreExtensions" */;
			productName = CoreExtensions;
		};
/* End XCSwiftPackageProductDependency section */
	};
	rootObject = CE54CCE92DB21BEB0008311B /* Project object */;
}
